{
  "version": 4,
  "terraform_version": "1.3.6",
  "serial": 46,
  "lineage": "7c3b6187-7322-a049-7578-df73272b92f1",
  "outputs": {},
  "resources": [
    {
      "mode": "managed",
      "type": "google_compute_autoscaler",
      "name": "myautoscaler",
      "provider": "provider[\"registry.terraform.io/hashicorp/google\"]",
      "instances": [
        {
          "schema_version": 0,
          "attributes": {
            "autoscaling_policy": [
              {
                "cooldown_period": 60,
                "cpu_utilization": [
                  {
                    "predictive_method": "NONE",
                    "target": 0.5
                  }
                ],
                "load_balancing_utilization": [],
                "max_replicas": 5,
                "metric": [],
                "min_replicas": 2,
                "mode": "ON",
                "scale_in_control": [],
                "scaling_schedules": []
              }
            ],
            "creation_timestamp": "2023-01-04T07:46:32.118-08:00",
            "description": "",
            "id": "projects/iungo-poc/zones/us-central1-a/autoscalers/dev-autoscaler",
            "name": "dev-autoscaler",
            "project": "iungo-poc",
            "self_link": "https://www.googleapis.com/compute/v1/projects/iungo-poc/zones/us-central1-a/autoscalers/dev-autoscaler",
            "target": "https://www.googleapis.com/compute/v1/projects/iungo-poc/zones/us-central1-a/instanceGroupManagers/my-igm",
            "timeouts": null,
            "zone": "https://www.googleapis.com/compute/v1/projects/iungo-poc/zones/us-central1-a"
          },
          "sensitive_attributes": [],
          "private": "eyJlMmJmYjczMC1lY2FhLTExZTYtOGY4OC0zNDM2M2JjN2M0YzAiOnsiY3JlYXRlIjoxMjAwMDAwMDAwMDAwLCJkZWxldGUiOjEyMDAwMDAwMDAwMDAsInVwZGF0ZSI6MTIwMDAwMDAwMDAwMH19",
          "dependencies": [
            "google_compute_instance_group_manager.simple"
          ]
        }
      ]
    },
    {
      "mode": "managed",
      "type": "google_compute_instance_group_manager",
      "name": "simple",
      "provider": "provider[\"registry.terraform.io/hashicorp/google\"]",
      "instances": [
        {
          "schema_version": 0,
          "attributes": {
            "auto_healing_policies": [],
            "base_instance_name": "autoscaler-sample",
            "description": "",
            "fingerprint": "MpNpV8nLXy4=",
            "id": "projects/iungo-poc/zones/us-central1-a/instanceGroupManagers/my-igm",
            "instance_group": "https://www.googleapis.com/compute/v1/projects/iungo-poc/zones/us-central1-a/instanceGroups/my-igm",
            "list_managed_instances_results": "PAGELESS",
            "name": "my-igm",
            "named_port": [],
            "operation": null,
            "project": "iungo-poc",
            "self_link": "https://www.googleapis.com/compute/v1/projects/iungo-poc/zones/us-central1-a/instanceGroupManagers/my-igm",
            "stateful_disk": [],
            "status": [
              {
                "is_stable": true,
                "stateful": [
                  {
                    "has_stateful_config": false,
                    "per_instance_configs": [
                      {
                        "all_effective": true
                      }
                    ]
                  }
                ],
                "version_target": [
                  {
                    "is_reached": true
                  }
                ]
              }
            ],
            "target_pools": [],
            "target_size": 0,
            "timeouts": null,
            "update_policy": [
              {
                "max_surge_fixed": 1,
                "max_surge_percent": 0,
                "max_unavailable_fixed": 1,
                "max_unavailable_percent": 0,
                "minimal_action": "REPLACE",
                "most_disruptive_allowed_action": "",
                "replacement_method": "SUBSTITUTE",
                "type": "OPPORTUNISTIC"
              }
            ],
            "version": [
              {
                "instance_template": "https://www.googleapis.com/compute/v1/projects/iungo-poc/global/instanceTemplates/example-instance",
                "name": "primary",
                "target_size": []
              }
            ],
            "wait_for_instances": false,
            "wait_for_instances_status": "STABLE",
            "zone": "us-central1-a"
          },
          "sensitive_attributes": [],
          "private": "eyJlMmJmYjczMC1lY2FhLTExZTYtOGY4OC0zNDM2M2JjN2M0YzAiOnsiY3JlYXRlIjo5MDAwMDAwMDAwMDAsImRlbGV0ZSI6OTAwMDAwMDAwMDAwLCJ1cGRhdGUiOjkwMDAwMDAwMDAwMH19",
          "dependencies": [
            "google_compute_instance_template.dev"
          ]
        }
      ]
    },
    {
      "mode": "managed",
      "type": "google_compute_instance_template",
      "name": "dev",
      "provider": "provider[\"registry.terraform.io/hashicorp/google\"]",
      "instances": [
        {
          "schema_version": 1,
          "attributes": {
            "advanced_machine_features": [],
            "can_ip_forward": false,
            "confidential_instance_config": [],
            "description": "",
            "disk": [
              {
                "auto_delete": true,
                "boot": true,
                "device_name": "persistent-disk-0",
                "disk_encryption_key": [],
                "disk_name": "",
                "disk_size_gb": 0,
                "disk_type": "pd-standard",
                "interface": "SCSI",
                "labels": {},
                "mode": "READ_WRITE",
                "resource_policies": [],
                "source": "",
                "source_image": "projects/debian-cloud/global/images/family/debian-11",
                "type": "PERSISTENT"
              }
            ],
            "guest_accelerator": [],
            "id": "projects/iungo-poc/global/instanceTemplates/example-instance",
            "instance_description": "",
            "labels": null,
            "machine_type": "f1-micro",
            "metadata": {},
            "metadata_fingerprint": "riECkMpgSWE=",
            "metadata_startup_script": null,
            "min_cpu_platform": "",
            "name": "example-instance",
            "name_prefix": null,
            "network_interface": [
              {
                "access_config": [
                  {
                    "nat_ip": "",
                    "network_tier": "PREMIUM",
                    "public_ptr_domain_name": ""
                  }
                ],
                "alias_ip_range": [],
                "ipv6_access_config": [],
                "ipv6_access_type": "",
                "name": "nic0",
                "network": "https://www.googleapis.com/compute/v1/projects/iungo-poc/global/networks/default",
                "network_ip": "",
                "nic_type": "",
                "queue_count": 0,
                "stack_type": "",
                "subnetwork": "",
                "subnetwork_project": ""
              }
            ],
            "project": "iungo-poc",
            "region": null,
            "reservation_affinity": [],
            "scheduling": [
              {
                "automatic_restart": true,
                "instance_termination_action": "",
                "min_node_cpus": 0,
                "node_affinities": [],
                "on_host_maintenance": "MIGRATE",
                "preemptible": false,
                "provisioning_model": "STANDARD"
              }
            ],
            "self_link": "https://www.googleapis.com/compute/v1/projects/iungo-poc/global/instanceTemplates/example-instance",
            "service_account": [],
            "shielded_instance_config": [],
            "tags": [],
            "tags_fingerprint": "",
            "timeouts": null
          },
          "sensitive_attributes": [],
          "private": "eyJlMmJmYjczMC1lY2FhLTExZTYtOGY4OC0zNDM2M2JjN2M0YzAiOnsiY3JlYXRlIjoyNDAwMDAwMDAwMDAsImRlbGV0ZSI6MjQwMDAwMDAwMDAwfSwic2NoZW1hX3ZlcnNpb24iOiIxIn0="
        }
      ]
    },
    {
      "mode": "managed",
      "type": "google_compute_network",
      "name": "simple",
      "provider": "provider[\"registry.terraform.io/hashicorp/google\"]",
      "instances": [
        {
          "schema_version": 0,
          "attributes": {
            "auto_create_subnetworks": true,
            "delete_default_routes_on_create": false,
            "description": "",
            "enable_ula_internal_ipv6": false,
            "gateway_ipv4": "",
            "id": "projects/iungo-poc/global/networks/life-vpc",
            "internal_ipv6_range": "",
            "mtu": 0,
            "name": "life-vpc",
            "project": "iungo-poc",
            "routing_mode": "REGIONAL",
            "self_link": "https://www.googleapis.com/compute/v1/projects/iungo-poc/global/networks/life-vpc",
            "timeouts": null
          },
          "sensitive_attributes": [],
          "private": "eyJlMmJmYjczMC1lY2FhLTExZTYtOGY4OC0zNDM2M2JjN2M0YzAiOnsiY3JlYXRlIjoxMjAwMDAwMDAwMDAwLCJkZWxldGUiOjEyMDAwMDAwMDAwMDAsInVwZGF0ZSI6MTIwMDAwMDAwMDAwMH19"
        }
      ]
    }
  ],
  "check_results": null
}
